// !$*UTF8*$!
{
	archiveVersion = 1;
	classes = {
	};
	objectVersion = 56;
	objects = {

/* Begin PBXBuildFile section */
		8A317F872C06C4A300E1A379 /* CountryListViewModel.swift in Sources */ = {isa = PBXBuildFile; fileRef = 8A317F862C06C4A300E1A379 /* CountryListViewModel.swift */; };
		8A317F8A2C06C54500E1A379 /* WorldViewCoreKit in Frameworks */ = {isa = PBXBuildFile; productRef = 8A317F892C06C54500E1A379 /* WorldViewCoreKit */; };
		8A5F3BE92D658644004BDD79 /* WorldViewApiClient in Frameworks */ = {isa = PBXBuildFile; productRef = 8A5F3BE82D658644004BDD79 /* WorldViewApiClient */; };
		8A5F3BEB2D6593FE004BDD79 /* CountryDetail in Frameworks */ = {isa = PBXBuildFile; productRef = 8A5F3BEA2D6593FE004BDD79 /* CountryDetail */; };
		8A81DC532C069F31006A6759 /* WorldViewApp.swift in Sources */ = {isa = PBXBuildFile; fileRef = 8A81DC522C069F31006A6759 /* WorldViewApp.swift */; };
		8A81DC552C069F31006A6759 /* CountryList.swift in Sources */ = {isa = PBXBuildFile; fileRef = 8A81DC542C069F31006A6759 /* CountryList.swift */; };
		8A81DC572C069F34006A6759 /* Assets.xcassets in Resources */ = {isa = PBXBuildFile; fileRef = 8A81DC562C069F34006A6759 /* Assets.xcassets */; };
		8A81DC5A2C069F34006A6759 /* Preview Assets.xcassets in Resources */ = {isa = PBXBuildFile; fileRef = 8A81DC592C069F34006A6759 /* Preview Assets.xcassets */; };
		8AB059C02C06C735004E6986 /* ApiClients.swift in Sources */ = {isa = PBXBuildFile; fileRef = 8AB059BF2C06C734004E6986 /* ApiClients.swift */; };
		8AB059D22C06C91F004E6986 /* ApiClients.swift in Sources */ = {isa = PBXBuildFile; fileRef = 8AB059BF2C06C734004E6986 /* ApiClients.swift */; };
		8AB059F12C06CFFA004E6986 /* Country+Extensions.swift in Sources */ = {isa = PBXBuildFile; fileRef = 8AB059F02C06CFFA004E6986 /* Country+Extensions.swift */; };
		8AB059F32C06D5B4004E6986 /* CountryListItemView.swift in Sources */ = {isa = PBXBuildFile; fileRef = 8AB059F22C06D5B4004E6986 /* CountryListItemView.swift */; };
		8AB059F52C06D5DF004E6986 /* CountryListItemViewModel.swift in Sources */ = {isa = PBXBuildFile; fileRef = 8AB059F42C06D5DF004E6986 /* CountryListItemViewModel.swift */; };
		8AB059F72C06D711004E6986 /* CountryListItemViewModelTest.swift in Sources */ = {isa = PBXBuildFile; fileRef = 8AB059F62C06D711004E6986 /* CountryListItemViewModelTest.swift */; };
		8AB059F92C06D747004E6986 /* CountryListViewModelTests.swift in Sources */ = {isa = PBXBuildFile; fileRef = 8AB059F82C06D747004E6986 /* CountryListViewModelTests.swift */; };
		8AB059FC2C06E477004E6986 /* CountryDetailsViewModel.swift in Sources */ = {isa = PBXBuildFile; fileRef = 8AB059FB2C06E477004E6986 /* CountryDetailsViewModel.swift */; };
		8ACA19602C06E76400751DC3 /* CountryDetailsViewModelTest.swift in Sources */ = {isa = PBXBuildFile; fileRef = 8AB059FE2C06E5CA004E6986 /* CountryDetailsViewModelTest.swift */; };
		8ACA19682C06EC4300751DC3 /* CountryDetailsView.swift in Sources */ = {isa = PBXBuildFile; fileRef = 8ACA19672C06EC4300751DC3 /* CountryDetailsView.swift */; };
		8ACA196B2C06EE8500751DC3 /* LineItemWithDetail.swift in Sources */ = {isa = PBXBuildFile; fileRef = 8ACA196A2C06EE8500751DC3 /* LineItemWithDetail.swift */; };
/* End PBXBuildFile section */

/* Begin PBXContainerItemProxy section */
		8AB059CA2C06C87F004E6986 /* PBXContainerItemProxy */ = {
			isa = PBXContainerItemProxy;
			containerPortal = 8A81DC472C069F31006A6759 /* Project object */;
			proxyType = 1;
			remoteGlobalIDString = 8A81DC4E2C069F31006A6759;
			remoteInfo = WorldView;
		};
/* End PBXContainerItemProxy section */

/* Begin PBXCopyFilesBuildPhase section */
		8A81DC8D2C06A219006A6759 /* Embed Frameworks */ = {
			isa = PBXCopyFilesBuildPhase;
			buildActionMask = 2147483647;
			dstPath = "";
			dstSubfolderSpec = 10;
			files = (
			);
			name = "Embed Frameworks";
			runOnlyForDeploymentPostprocessing = 0;
		};
		8AB059EE2C06CB13004E6986 /* Embed Frameworks */ = {
			isa = PBXCopyFilesBuildPhase;
			buildActionMask = 2147483647;
			dstPath = "";
			dstSubfolderSpec = 10;
			files = (
			);
			name = "Embed Frameworks";
			runOnlyForDeploymentPostprocessing = 0;
		};
/* End PBXCopyFilesBuildPhase section */

/* Begin PBXFileReference section */
		8A317F862C06C4A300E1A379 /* CountryListViewModel.swift */ = {isa = PBXFileReference; lastKnownFileType = sourcecode.swift; path = CountryListViewModel.swift; sourceTree = "<group>"; };
		8A81DC4F2C069F31006A6759 /* WorldView.app */ = {isa = PBXFileReference; explicitFileType = wrapper.application; includeInIndex = 0; path = WorldView.app; sourceTree = BUILT_PRODUCTS_DIR; };
		8A81DC522C069F31006A6759 /* WorldViewApp.swift */ = {isa = PBXFileReference; lastKnownFileType = sourcecode.swift; path = WorldViewApp.swift; sourceTree = "<group>"; };
		8A81DC542C069F31006A6759 /* CountryList.swift */ = {isa = PBXFileReference; lastKnownFileType = sourcecode.swift; path = CountryList.swift; sourceTree = "<group>"; };
		8A81DC562C069F34006A6759 /* Assets.xcassets */ = {isa = PBXFileReference; lastKnownFileType = folder.assetcatalog; path = Assets.xcassets; sourceTree = "<group>"; };
		8A81DC592C069F34006A6759 /* Preview Assets.xcassets */ = {isa = PBXFileReference; lastKnownFileType = folder.assetcatalog; path = "Preview Assets.xcassets"; sourceTree = "<group>"; };
		8AB059BF2C06C734004E6986 /* ApiClients.swift */ = {isa = PBXFileReference; lastKnownFileType = sourcecode.swift; path = ApiClients.swift; sourceTree = "<group>"; };
		8AB059C62C06C87F004E6986 /* WorldViewUnitTests.xctest */ = {isa = PBXFileReference; explicitFileType = wrapper.cfbundle; includeInIndex = 0; path = WorldViewUnitTests.xctest; sourceTree = BUILT_PRODUCTS_DIR; };
		8AB059F02C06CFFA004E6986 /* Country+Extensions.swift */ = {isa = PBXFileReference; lastKnownFileType = sourcecode.swift; path = "Country+Extensions.swift"; sourceTree = "<group>"; };
		8AB059F22C06D5B4004E6986 /* CountryListItemView.swift */ = {isa = PBXFileReference; lastKnownFileType = sourcecode.swift; path = CountryListItemView.swift; sourceTree = "<group>"; };
		8AB059F42C06D5DF004E6986 /* CountryListItemViewModel.swift */ = {isa = PBXFileReference; lastKnownFileType = sourcecode.swift; path = CountryListItemViewModel.swift; sourceTree = "<group>"; };
		8AB059F62C06D711004E6986 /* CountryListItemViewModelTest.swift */ = {isa = PBXFileReference; lastKnownFileType = sourcecode.swift; path = CountryListItemViewModelTest.swift; sourceTree = "<group>"; };
		8AB059F82C06D747004E6986 /* CountryListViewModelTests.swift */ = {isa = PBXFileReference; fileEncoding = 4; lastKnownFileType = sourcecode.swift; path = CountryListViewModelTests.swift; sourceTree = "<group>"; };
		8AB059FB2C06E477004E6986 /* CountryDetailsViewModel.swift */ = {isa = PBXFileReference; lastKnownFileType = sourcecode.swift; path = CountryDetailsViewModel.swift; sourceTree = "<group>"; };
		8AB059FE2C06E5CA004E6986 /* CountryDetailsViewModelTest.swift */ = {isa = PBXFileReference; lastKnownFileType = sourcecode.swift; path = CountryDetailsViewModelTest.swift; sourceTree = "<group>"; };
		8AC34AEB2D657AC5004780E0 /* WorldViewCoreKit */ = {isa = PBXFileReference; lastKnownFileType = wrapper; path = WorldViewCoreKit; sourceTree = "<group>"; };
		8ACA19672C06EC4300751DC3 /* CountryDetailsView.swift */ = {isa = PBXFileReference; lastKnownFileType = sourcecode.swift; path = CountryDetailsView.swift; sourceTree = "<group>"; };
		8ACA196A2C06EE8500751DC3 /* LineItemWithDetail.swift */ = {isa = PBXFileReference; lastKnownFileType = sourcecode.swift; path = LineItemWithDetail.swift; sourceTree = "<group>"; };
/* End PBXFileReference section */

/* Begin PBXFrameworksBuildPhase section */
		8A81DC4C2C069F31006A6759 /* Frameworks */ = {
			isa = PBXFrameworksBuildPhase;
			buildActionMask = 2147483647;
			files = (
				8A5F3BE92D658644004BDD79 /* WorldViewApiClient in Frameworks */,
				8A5F3BEB2D6593FE004BDD79 /* CountryDetail in Frameworks */,
				8A317F8A2C06C54500E1A379 /* WorldViewCoreKit in Frameworks */,
			);
			runOnlyForDeploymentPostprocessing = 0;
		};
		8AB059C32C06C87F004E6986 /* Frameworks */ = {
			isa = PBXFrameworksBuildPhase;
			buildActionMask = 2147483647;
			files = (
			);
			runOnlyForDeploymentPostprocessing = 0;
		};
/* End PBXFrameworksBuildPhase section */

/* Begin PBXGroup section */
		8A317F852C06C48200E1A379 /* CountryList */ = {
			isa = PBXGroup;
			children = (
				8A81DC542C069F31006A6759 /* CountryList.swift */,
				8A317F862C06C4A300E1A379 /* CountryListViewModel.swift */,
				8AB059F22C06D5B4004E6986 /* CountryListItemView.swift */,
				8AB059F42C06D5DF004E6986 /* CountryListItemViewModel.swift */,
			);
			path = CountryList;
			sourceTree = "<group>";
		};
		8A81DC462C069F31006A6759 = {
			isa = PBXGroup;
			children = (
				8AC34AEB2D657AC5004780E0 /* WorldViewCoreKit */,
				8A81DC512C069F31006A6759 /* WorldView */,
				8AB059C72C06C87F004E6986 /* WorldViewUnitTests */,
				8A81DC502C069F31006A6759 /* Products */,
				8AB059E52C06CA46004E6986 /* Frameworks */,
			);
			sourceTree = "<group>";
		};
		8A81DC502C069F31006A6759 /* Products */ = {
			isa = PBXGroup;
			children = (
				8A81DC4F2C069F31006A6759 /* WorldView.app */,
				8AB059C62C06C87F004E6986 /* WorldViewUnitTests.xctest */,
			);
			name = Products;
			sourceTree = "<group>";
		};
		8A81DC512C069F31006A6759 /* WorldView */ = {
			isa = PBXGroup;
			children = (
				8A81DC562C069F34006A6759 /* Assets.xcassets */,
				8AB059FA2C06E448004E6986 /* ContryDetails */,
				8A317F852C06C48200E1A379 /* CountryList */,
				8AB059EF2C06CFE8004E6986 /* Extensions */,
				8A81DC582C069F34006A6759 /* Preview Content */,
				8ACA19692C06EE6000751DC3 /* Views */,
				8A81DC522C069F31006A6759 /* WorldViewApp.swift */,
			);
			path = WorldView;
			sourceTree = "<group>";
		};
		8A81DC582C069F34006A6759 /* Preview Content */ = {
			isa = PBXGroup;
			children = (
				8A81DC592C069F34006A6759 /* Preview Assets.xcassets */,
				8AB059BF2C06C734004E6986 /* ApiClients.swift */,
			);
			path = "Preview Content";
			sourceTree = "<group>";
		};
		8AB059C72C06C87F004E6986 /* WorldViewUnitTests */ = {
			isa = PBXGroup;
			children = (
				8AB059FD2C06E5B5004E6986 /* CountryDetails */,
				8AB059CF2C06C88E004E6986 /* CountryList */,
			);
			path = WorldViewUnitTests;
			sourceTree = "<group>";
		};
		8AB059CF2C06C88E004E6986 /* CountryList */ = {
			isa = PBXGroup;
			children = (
				8AB059F82C06D747004E6986 /* CountryListViewModelTests.swift */,
				8AB059F62C06D711004E6986 /* CountryListItemViewModelTest.swift */,
			);
			path = CountryList;
			sourceTree = "<group>";
		};
		8AB059E52C06CA46004E6986 /* Frameworks */ = {
			isa = PBXGroup;
			children = (
			);
			name = Frameworks;
			sourceTree = "<group>";
		};
		8AB059EF2C06CFE8004E6986 /* Extensions */ = {
			isa = PBXGroup;
			children = (
				8AB059F02C06CFFA004E6986 /* Country+Extensions.swift */,
			);
			path = Extensions;
			sourceTree = "<group>";
		};
		8AB059FA2C06E448004E6986 /* ContryDetails */ = {
			isa = PBXGroup;
			children = (
				8AB059FB2C06E477004E6986 /* CountryDetailsViewModel.swift */,
				8ACA19672C06EC4300751DC3 /* CountryDetailsView.swift */,
			);
			path = ContryDetails;
			sourceTree = "<group>";
		};
		8AB059FD2C06E5B5004E6986 /* CountryDetails */ = {
			isa = PBXGroup;
			children = (
				8AB059FE2C06E5CA004E6986 /* CountryDetailsViewModelTest.swift */,
			);
			path = CountryDetails;
			sourceTree = "<group>";
		};
		8ACA19692C06EE6000751DC3 /* Views */ = {
			isa = PBXGroup;
			children = (
				8ACA196A2C06EE8500751DC3 /* LineItemWithDetail.swift */,
			);
			path = Views;
			sourceTree = "<group>";
		};
/* End PBXGroup section */

/* Begin PBXNativeTarget section */
		8A81DC4E2C069F31006A6759 /* WorldView */ = {
			isa = PBXNativeTarget;
			buildConfigurationList = 8A81DC5D2C069F34006A6759 /* Build configuration list for PBXNativeTarget "WorldView" */;
			buildPhases = (
				8A81DC4B2C069F31006A6759 /* Sources */,
				8A81DC4C2C069F31006A6759 /* Frameworks */,
				8A81DC4D2C069F31006A6759 /* Resources */,
				8A81DC8D2C06A219006A6759 /* Embed Frameworks */,
			);
			buildRules = (
			);
			dependencies = (
			);
			name = WorldView;
			packageProductDependencies = (
				8A317F892C06C54500E1A379 /* WorldViewCoreKit */,
				8A5F3BE82D658644004BDD79 /* WorldViewApiClient */,
				8A5F3BEA2D6593FE004BDD79 /* CountryDetail */,
			);
			productName = WorldView;
			productReference = 8A81DC4F2C069F31006A6759 /* WorldView.app */;
			productType = "com.apple.product-type.application";
		};
		8AB059C52C06C87F004E6986 /* WorldViewUnitTests */ = {
			isa = PBXNativeTarget;
			buildConfigurationList = 8AB059CC2C06C87F004E6986 /* Build configuration list for PBXNativeTarget "WorldViewUnitTests" */;
			buildPhases = (
				8AB059C22C06C87F004E6986 /* Sources */,
				8AB059C32C06C87F004E6986 /* Frameworks */,
				8AB059C42C06C87F004E6986 /* Resources */,
				8AB059EE2C06CB13004E6986 /* Embed Frameworks */,
			);
			buildRules = (
			);
			dependencies = (
				8AB059CB2C06C87F004E6986 /* PBXTargetDependency */,
			);
			name = WorldViewUnitTests;
			packageProductDependencies = (
			);
			productName = WorldViewUnitTests;
			productReference = 8AB059C62C06C87F004E6986 /* WorldViewUnitTests.xctest */;
			productType = "com.apple.product-type.bundle.unit-test";
		};
/* End PBXNativeTarget section */

/* Begin PBXProject section */
		8A81DC472C069F31006A6759 /* Project object */ = {
			isa = PBXProject;
			attributes = {
				BuildIndependentTargetsInParallel = 1;
				LastSwiftUpdateCheck = 1540;
				LastUpgradeCheck = 1540;
				TargetAttributes = {
					8A81DC4E2C069F31006A6759 = {
						CreatedOnToolsVersion = 15.4;
					};
					8AB059C52C06C87F004E6986 = {
						CreatedOnToolsVersion = 15.4;
						TestTargetID = 8A81DC4E2C069F31006A6759;
					};
				};
			};
			buildConfigurationList = 8A81DC4A2C069F31006A6759 /* Build configuration list for PBXProject "WorldView" */;
			compatibilityVersion = "Xcode 14.0";
			developmentRegion = en;
			hasScannedForEncodings = 0;
			knownRegions = (
				en,
				Base,
			);
			mainGroup = 8A81DC462C069F31006A6759;
			packageReferences = (
			);
			productRefGroup = 8A81DC502C069F31006A6759 /* Products */;
			projectDirPath = "";
			projectRoot = "";
			targets = (
				8A81DC4E2C069F31006A6759 /* WorldView */,
				8AB059C52C06C87F004E6986 /* WorldViewUnitTests */,
			);
		};
/* End PBXProject section */

/* Begin PBXResourcesBuildPhase section */
		8A81DC4D2C069F31006A6759 /* Resources */ = {
			isa = PBXResourcesBuildPhase;
			buildActionMask = 2147483647;
			files = (
				8A81DC5A2C069F34006A6759 /* Preview Assets.xcassets in Resources */,
				8A81DC572C069F34006A6759 /* Assets.xcassets in Resources */,
			);
			runOnlyForDeploymentPostprocessing = 0;
		};
		8AB059C42C06C87F004E6986 /* Resources */ = {
			isa = PBXResourcesBuildPhase;
			buildActionMask = 2147483647;
			files = (
			);
			runOnlyForDeploymentPostprocessing = 0;
		};
/* End PBXResourcesBuildPhase section */

/* Begin PBXSourcesBuildPhase section */
		8A81DC4B2C069F31006A6759 /* Sources */ = {
			isa = PBXSourcesBuildPhase;
			buildActionMask = 2147483647;
			files = (
				8ACA19682C06EC4300751DC3 /* CountryDetailsView.swift in Sources */,
				8ACA196B2C06EE8500751DC3 /* LineItemWithDetail.swift in Sources */,
				8AB059F12C06CFFA004E6986 /* Country+Extensions.swift in Sources */,
				8AB059C02C06C735004E6986 /* ApiClients.swift in Sources */,
				8AB059FC2C06E477004E6986 /* CountryDetailsViewModel.swift in Sources */,
				8AB059F52C06D5DF004E6986 /* CountryListItemViewModel.swift in Sources */,
				8AB059F32C06D5B4004E6986 /* CountryListItemView.swift in Sources */,
				8A81DC552C069F31006A6759 /* CountryList.swift in Sources */,
				8A81DC532C069F31006A6759 /* WorldViewApp.swift in Sources */,
				8A317F872C06C4A300E1A379 /* CountryListViewModel.swift in Sources */,
			);
			runOnlyForDeploymentPostprocessing = 0;
		};
		8AB059C22C06C87F004E6986 /* Sources */ = {
			isa = PBXSourcesBuildPhase;
			buildActionMask = 2147483647;
			files = (
				8AB059D22C06C91F004E6986 /* ApiClients.swift in Sources */,
				8AB059F72C06D711004E6986 /* CountryListItemViewModelTest.swift in Sources */,
				8ACA19602C06E76400751DC3 /* CountryDetailsViewModelTest.swift in Sources */,
				8AB059F92C06D747004E6986 /* CountryListViewModelTests.swift in Sources */,
			);
			runOnlyForDeploymentPostprocessing = 0;
		};
/* End PBXSourcesBuildPhase section */

/* Begin PBXTargetDependency section */
		8AB059CB2C06C87F004E6986 /* PBXTargetDependency */ = {
			isa = PBXTargetDependency;
			target = 8A81DC4E2C069F31006A6759 /* WorldView */;
			targetProxy = 8AB059CA2C06C87F004E6986 /* PBXContainerItemProxy */;
		};
/* End PBXTargetDependency section */

/* Begin XCBuildConfiguration section */
		8A81DC5B2C069F34006A6759 /* Debug */ = {
			isa = XCBuildConfiguration;
			buildSettings = {
				ALWAYS_SEARCH_USER_PATHS = NO;
				ASSETCATALOG_COMPILER_GENERATE_SWIFT_ASSET_SYMBOL_EXTENSIONS = YES;
				CLANG_ANALYZER_NONNULL = YES;
				CLANG_ANALYZER_NUMBER_OBJECT_CONVERSION = YES_AGGRESSIVE;
				CLANG_CXX_LANGUAGE_STANDARD = "gnu++20";
				CLANG_ENABLE_MODULES = YES;
				CLANG_ENABLE_OBJC_ARC = YES;
				CLANG_ENABLE_OBJC_WEAK = YES;
				CLANG_WARN_BLOCK_CAPTURE_AUTORELEASING = YES;
				CLANG_WARN_BOOL_CONVERSION = YES;
				CLANG_WARN_COMMA = YES;
				CLANG_WARN_CONSTANT_CONVERSION = YES;
				CLANG_WARN_DEPRECATED_OBJC_IMPLEMENTATIONS = YES;
				CLANG_WARN_DIRECT_OBJC_ISA_USAGE = YES_ERROR;
				CLANG_WARN_DOCUMENTATION_COMMENTS = YES;
				CLANG_WARN_EMPTY_BODY = YES;
				CLANG_WARN_ENUM_CONVERSION = YES;
				CLANG_WARN_INFINITE_RECURSION = YES;
				CLANG_WARN_INT_CONVERSION = YES;
				CLANG_WARN_NON_LITERAL_NULL_CONVERSION = YES;
				CLANG_WARN_OBJC_IMPLICIT_RETAIN_SELF = YES;
				CLANG_WARN_OBJC_LITERAL_CONVERSION = YES;
				CLANG_WARN_OBJC_ROOT_CLASS = YES_ERROR;
				CLANG_WARN_QUOTED_INCLUDE_IN_FRAMEWORK_HEADER = YES;
				CLANG_WARN_RANGE_LOOP_ANALYSIS = YES;
				CLANG_WARN_STRICT_PROTOTYPES = YES;
				CLANG_WARN_SUSPICIOUS_MOVE = YES;
				CLANG_WARN_UNGUARDED_AVAILABILITY = YES_AGGRESSIVE;
				CLANG_WARN_UNREACHABLE_CODE = YES;
				CLANG_WARN__DUPLICATE_METHOD_MATCH = YES;
				COPY_PHASE_STRIP = NO;
				DEBUG_INFORMATION_FORMAT = dwarf;
				ENABLE_STRICT_OBJC_MSGSEND = YES;
				ENABLE_TESTABILITY = YES;
				ENABLE_USER_SCRIPT_SANDBOXING = YES;
				GCC_C_LANGUAGE_STANDARD = gnu17;
				GCC_DYNAMIC_NO_PIC = NO;
				GCC_NO_COMMON_BLOCKS = YES;
				GCC_OPTIMIZATION_LEVEL = 0;
				GCC_PREPROCESSOR_DEFINITIONS = (
					"DEBUG=1",
					"$(inherited)",
				);
				GCC_WARN_64_TO_32_BIT_CONVERSION = YES;
				GCC_WARN_ABOUT_RETURN_TYPE = YES_ERROR;
				GCC_WARN_UNDECLARED_SELECTOR = YES;
				GCC_WARN_UNINITIALIZED_AUTOS = YES_AGGRESSIVE;
				GCC_WARN_UNUSED_FUNCTION = YES;
				GCC_WARN_UNUSED_VARIABLE = YES;
				IPHONEOS_DEPLOYMENT_TARGET = 17.5;
				LOCALIZATION_PREFERS_STRING_CATALOGS = YES;
				MTL_ENABLE_DEBUG_INFO = INCLUDE_SOURCE;
				MTL_FAST_MATH = YES;
				ONLY_ACTIVE_ARCH = YES;
				SDKROOT = iphoneos;
				SWIFT_ACTIVE_COMPILATION_CONDITIONS = "DEBUG $(inherited)";
				SWIFT_OPTIMIZATION_LEVEL = "-Onone";
			};
			name = Debug;
		};
		8A81DC5C2C069F34006A6759 /* Release */ = {
			isa = XCBuildConfiguration;
			buildSettings = {
				ALWAYS_SEARCH_USER_PATHS = NO;
				ASSETCATALOG_COMPILER_GENERATE_SWIFT_ASSET_SYMBOL_EXTENSIONS = YES;
				CLANG_ANALYZER_NONNULL = YES;
				CLANG_ANALYZER_NUMBER_OBJECT_CONVERSION = YES_AGGRESSIVE;
				CLANG_CXX_LANGUAGE_STANDARD = "gnu++20";
				CLANG_ENABLE_MODULES = YES;
				CLANG_ENABLE_OBJC_ARC = YES;
				CLANG_ENABLE_OBJC_WEAK = YES;
				CLANG_WARN_BLOCK_CAPTURE_AUTORELEASING = YES;
				CLANG_WARN_BOOL_CONVERSION = YES;
				CLANG_WARN_COMMA = YES;
				CLANG_WARN_CONSTANT_CONVERSION = YES;
				CLANG_WARN_DEPRECATED_OBJC_IMPLEMENTATIONS = YES;
				CLANG_WARN_DIRECT_OBJC_ISA_USAGE = YES_ERROR;
				CLANG_WARN_DOCUMENTATION_COMMENTS = YES;
				CLANG_WARN_EMPTY_BODY = YES;
				CLANG_WARN_ENUM_CONVERSION = YES;
				CLANG_WARN_INFINITE_RECURSION = YES;
				CLANG_WARN_INT_CONVERSION = YES;
				CLANG_WARN_NON_LITERAL_NULL_CONVERSION = YES;
				CLANG_WARN_OBJC_IMPLICIT_RETAIN_SELF = YES;
				CLANG_WARN_OBJC_LITERAL_CONVERSION = YES;
				CLANG_WARN_OBJC_ROOT_CLASS = YES_ERROR;
				CLANG_WARN_QUOTED_INCLUDE_IN_FRAMEWORK_HEADER = YES;
				CLANG_WARN_RANGE_LOOP_ANALYSIS = YES;
				CLANG_WARN_STRICT_PROTOTYPES = YES;
				CLANG_WARN_SUSPICIOUS_MOVE = YES;
				CLANG_WARN_UNGUARDED_AVAILABILITY = YES_AGGRESSIVE;
				CLANG_WARN_UNREACHABLE_CODE = YES;
				CLANG_WARN__DUPLICATE_METHOD_MATCH = YES;
				COPY_PHASE_STRIP = NO;
				DEBUG_INFORMATION_FORMAT = "dwarf-with-dsym";
				ENABLE_NS_ASSERTIONS = NO;
				ENABLE_STRICT_OBJC_MSGSEND = YES;
				ENABLE_USER_SCRIPT_SANDBOXING = YES;
				GCC_C_LANGUAGE_STANDARD = gnu17;
				GCC_NO_COMMON_BLOCKS = YES;
				GCC_WARN_64_TO_32_BIT_CONVERSION = YES;
				GCC_WARN_ABOUT_RETURN_TYPE = YES_ERROR;
				GCC_WARN_UNDECLARED_SELECTOR = YES;
				GCC_WARN_UNINITIALIZED_AUTOS = YES_AGGRESSIVE;
				GCC_WARN_UNUSED_FUNCTION = YES;
				GCC_WARN_UNUSED_VARIABLE = YES;
				IPHONEOS_DEPLOYMENT_TARGET = 17.5;
				LOCALIZATION_PREFERS_STRING_CATALOGS = YES;
				MTL_ENABLE_DEBUG_INFO = NO;
				MTL_FAST_MATH = YES;
				SDKROOT = iphoneos;
				SWIFT_COMPILATION_MODE = wholemodule;
				VALIDATE_PRODUCT = YES;
			};
			name = Release;
		};
		8A81DC5E2C069F34006A6759 /* Debug */ = {
			isa = XCBuildConfiguration;
			buildSettings = {
				ALWAYS_EMBED_SWIFT_STANDARD_LIBRARIES = YES;
				ASSETCATALOG_COMPILER_APPICON_NAME = AppIcon;
				ASSETCATALOG_COMPILER_GLOBAL_ACCENT_COLOR_NAME = AccentColor;
				CODE_SIGN_STYLE = Automatic;
				CURRENT_PROJECT_VERSION = 1;
				DEVELOPMENT_ASSET_PATHS = "\"WorldView/Preview Content\"";
				DEVELOPMENT_TEAM = 7RX27UE56F;
				ENABLE_PREVIEWS = YES;
				GENERATE_INFOPLIST_FILE = YES;
				INFOPLIST_KEY_UIApplicationSceneManifest_Generation = YES;
				INFOPLIST_KEY_UIApplicationSupportsIndirectInputEvents = YES;
				INFOPLIST_KEY_UILaunchScreen_Generation = YES;
				INFOPLIST_KEY_UISupportedInterfaceOrientations_iPad = "UIInterfaceOrientationPortrait UIInterfaceOrientationPortraitUpsideDown UIInterfaceOrientationLandscapeLeft UIInterfaceOrientationLandscapeRight";
				INFOPLIST_KEY_UISupportedInterfaceOrientations_iPhone = "UIInterfaceOrientationPortrait UIInterfaceOrientationLandscapeLeft UIInterfaceOrientationLandscapeRight";
				LD_RUNPATH_SEARCH_PATHS = (
					"$(inherited)",
					"@executable_path/Frameworks",
				);
				MARKETING_VERSION = 1.0;
				PRODUCT_BUNDLE_IDENTIFIER = com.donrakes.WorldView;
				PRODUCT_NAME = "$(TARGET_NAME)";
				SWIFT_EMIT_LOC_STRINGS = YES;
				SWIFT_VERSION = 5.0;
				TARGETED_DEVICE_FAMILY = "1,2";
			};
			name = Debug;
		};
		8A81DC5F2C069F34006A6759 /* Release */ = {
			isa = XCBuildConfiguration;
			buildSettings = {
				ALWAYS_EMBED_SWIFT_STANDARD_LIBRARIES = YES;
				ASSETCATALOG_COMPILER_APPICON_NAME = AppIcon;
				ASSETCATALOG_COMPILER_GLOBAL_ACCENT_COLOR_NAME = AccentColor;
				CODE_SIGN_STYLE = Automatic;
				CURRENT_PROJECT_VERSION = 1;
				DEVELOPMENT_ASSET_PATHS = "\"WorldView/Preview Content\"";
				DEVELOPMENT_TEAM = 7RX27UE56F;
				ENABLE_PREVIEWS = YES;
				GENERATE_INFOPLIST_FILE = YES;
				INFOPLIST_KEY_UIApplicationSceneManifest_Generation = YES;
				INFOPLIST_KEY_UIApplicationSupportsIndirectInputEvents = YES;
				INFOPLIST_KEY_UILaunchScreen_Generation = YES;
				INFOPLIST_KEY_UISupportedInterfaceOrientations_iPad = "UIInterfaceOrientationPortrait UIInterfaceOrientationPortraitUpsideDown UIInterfaceOrientationLandscapeLeft UIInterfaceOrientationLandscapeRight";
				INFOPLIST_KEY_UISupportedInterfaceOrientations_iPhone = "UIInterfaceOrientationPortrait UIInterfaceOrientationLandscapeLeft UIInterfaceOrientationLandscapeRight";
				LD_RUNPATH_SEARCH_PATHS = (
					"$(inherited)",
					"@executable_path/Frameworks",
				);
				MARKETING_VERSION = 1.0;
				PRODUCT_BUNDLE_IDENTIFIER = com.donrakes.WorldView;
				PRODUCT_NAME = "$(TARGET_NAME)";
				SWIFT_EMIT_LOC_STRINGS = YES;
				SWIFT_VERSION = 5.0;
				TARGETED_DEVICE_FAMILY = "1,2";
			};
			name = Release;
		};
		8AB059CD2C06C87F004E6986 /* Debug */ = {
			isa = XCBuildConfiguration;
			buildSettings = {
				BUNDLE_LOADER = "$(TEST_HOST)";
				CODE_SIGN_STYLE = Automatic;
				CURRENT_PROJECT_VERSION = 1;
				DEVELOPMENT_TEAM = 7RX27UE56F;
				GENERATE_INFOPLIST_FILE = YES;
				MARKETING_VERSION = 1.0;
				PRODUCT_BUNDLE_IDENTIFIER = com.donrakes.WorldViewUnitTests;
				PRODUCT_NAME = "$(TARGET_NAME)";
				SWIFT_EMIT_LOC_STRINGS = NO;
				SWIFT_VERSION = 5.0;
				TARGETED_DEVICE_FAMILY = "1,2";
				TEST_HOST = "$(BUILT_PRODUCTS_DIR)/WorldView.app/$(BUNDLE_EXECUTABLE_FOLDER_PATH)/WorldView";
			};
			name = Debug;
		};
		8AB059CE2C06C87F004E6986 /* Release */ = {
			isa = XCBuildConfiguration;
			buildSettings = {
				BUNDLE_LOADER = "$(TEST_HOST)";
				CODE_SIGN_STYLE = Automatic;
				CURRENT_PROJECT_VERSION = 1;
				DEVELOPMENT_TEAM = 7RX27UE56F;
				GENERATE_INFOPLIST_FILE = YES;
				MARKETING_VERSION = 1.0;
				PRODUCT_BUNDLE_IDENTIFIER = com.donrakes.WorldViewUnitTests;
				PRODUCT_NAME = "$(TARGET_NAME)";
				SWIFT_EMIT_LOC_STRINGS = NO;
				SWIFT_VERSION = 5.0;
				TARGETED_DEVICE_FAMILY = "1,2";
				TEST_HOST = "$(BUILT_PRODUCTS_DIR)/WorldView.app/$(BUNDLE_EXECUTABLE_FOLDER_PATH)/WorldView";
			};
			name = Release;
		};
/* End XCBuildConfiguration section */

/* Begin XCConfigurationList section */
		8A81DC4A2C069F31006A6759 /* Build configuration list for PBXProject "WorldView" */ = {
			isa = XCConfigurationList;
			buildConfigurations = (
				8A81DC5B2C069F34006A6759 /* Debug */,
				8A81DC5C2C069F34006A6759 /* Release */,
			);
			defaultConfigurationIsVisible = 0;
			defaultConfigurationName = Release;
		};
		8A81DC5D2C069F34006A6759 /* Build configuration list for PBXNativeTarget "WorldView" */ = {
			isa = XCConfigurationList;
			buildConfigurations = (
				8A81DC5E2C069F34006A6759 /* Debug */,
				8A81DC5F2C069F34006A6759 /* Release */,
			);
			defaultConfigurationIsVisible = 0;
			defaultConfigurationName = Release;
		};
		8AB059CC2C06C87F004E6986 /* Build configuration list for PBXNativeTarget "WorldViewUnitTests" */ = {
			isa = XCConfigurationList;
			buildConfigurations = (
				8AB059CD2C06C87F004E6986 /* Debug */,
				8AB059CE2C06C87F004E6986 /* Release */,
			);
			defaultConfigurationIsVisible = 0;
			defaultConfigurationName = Release;
		};
/* End XCConfigurationList section */

/* Begin XCSwiftPackageProductDependency section */
		8A317F892C06C54500E1A379 /* WorldViewCoreKit */ = {
			isa = XCSwiftPackageProductDependency;
			productName = WorldViewCoreKit;
		};
		8A5F3BE82D658644004BDD79 /* WorldViewApiClient */ = {
			isa = XCSwiftPackageProductDependency;
			productName = WorldViewApiClient;
		};
		8A5F3BEA2D6593FE004BDD79 /* CountryDetail */ = {
			isa = XCSwiftPackageProductDependency;
			productName = CountryDetail;
		};
/* End XCSwiftPackageProductDependency section */
	};
	rootObject = 8A81DC472C069F31006A6759 /* Project object */;
}
